
Microsoft Visual Studio Solution File, Format Version 12.00
# Visual Studio 15
VisualStudioVersion = 15.0.28010.2050
MinimumVisualStudioVersion = 10.0.40219.1
Project("{2150E333-8FDC-42A3-9474-1A3956D46DE8}") = "antes", "antes", "{1F0454C7-5D97-4684-AC1D-98915D5FD4A5}"
EndProject
Project("{2150E333-8FDC-42A3-9474-1A3956D46DE8}") = "depois", "depois", "{7A9C93E2-E829-41D3-94BC-8251EC7229AB}"
EndProject
Project("{9A19103F-16F7-4668-BE54-9A1E7A4F7556}") = "Cinema.Dados", "antes\Cinema.Dados\Cinema.Dados.csproj", "{EF76F27D-B2E2-4127-9AB8-5FB44A7DC775}"
EndProject
Project("{FAE04EC0-301F-11D3-BF4B-00C04F79EFBC}") = "Cinema", "antes\Cinema.Console\Cinema.csproj", "{745E1154-1076-4799-A508-FAE6F5F2EFEB}"
EndProject
Project("{FAE04EC0-301F-11D3-BF4B-00C04F79EFBC}") = "Cinema.Performance_depois", "depois\Cinema.Performance\Cinema.Performance_depois.csproj", "{586083F0-4E69-49F3-B1E8-E22224B78889}"
EndProject
Project("{9A19103F-16F7-4668-BE54-9A1E7A4F7556}") = "Cinema.Dados_depois", "depois\Cinema.Dados\Cinema.Dados_depois.csproj", "{9E7A9307-5D5D-4245-A2B5-50201F527D5F}"
EndProject
Project("{FAE04EC0-301F-11D3-BF4B-00C04F79EFBC}") = "Cinema_depois", "depois\Cinema.Console\Cinema_depois.csproj", "{A1E96233-13EF-4C41-967A-5DE891FADD09}"
EndProject
Global
	GlobalSection(SolutionConfigurationPlatforms) = preSolution
		Debug|Any CPU = Debug|Any CPU
		Release|Any CPU = Release|Any CPU
	EndGlobalSection
	GlobalSection(ProjectConfigurationPlatforms) = postSolution
		{EF76F27D-B2E2-4127-9AB8-5FB44A7DC775}.Debug|Any CPU.ActiveCfg = Debug|Any CPU
		{EF76F27D-B2E2-4127-9AB8-5FB44A7DC775}.Debug|Any CPU.Build.0 = Debug|Any CPU
		{EF76F27D-B2E2-4127-9AB8-5FB44A7DC775}.Release|Any CPU.ActiveCfg = Release|Any CPU
		{EF76F27D-B2E2-4127-9AB8-5FB44A7DC775}.Release|Any CPU.Build.0 = Release|Any CPU
		{745E1154-1076-4799-A508-FAE6F5F2EFEB}.Debug|Any CPU.ActiveCfg = Debug|Any CPU
		{745E1154-1076-4799-A508-FAE6F5F2EFEB}.Debug|Any CPU.Build.0 = Debug|Any CPU
		{745E1154-1076-4799-A508-FAE6F5F2EFEB}.Release|Any CPU.ActiveCfg = Release|Any CPU
		{745E1154-1076-4799-A508-FAE6F5F2EFEB}.Release|Any CPU.Build.0 = Release|Any CPU
		{586083F0-4E69-49F3-B1E8-E22224B78889}.Debug|Any CPU.ActiveCfg = Debug|Any CPU
		{586083F0-4E69-49F3-B1E8-E22224B78889}.Debug|Any CPU.Build.0 = Debug|Any CPU
		{586083F0-4E69-49F3-B1E8-E22224B78889}.Release|Any CPU.ActiveCfg = Release|Any CPU
		{586083F0-4E69-49F3-B1E8-E22224B78889}.Release|Any CPU.Build.0 = Release|Any CPU
		{9E7A9307-5D5D-4245-A2B5-50201F527D5F}.Debug|Any CPU.ActiveCfg = Debug|Any CPU
		{9E7A9307-5D5D-4245-A2B5-50201F527D5F}.Debug|Any CPU.Build.0 = Debug|Any CPU
		{9E7A9307-5D5D-4245-A2B5-50201F527D5F}.Release|Any CPU.ActiveCfg = Release|Any CPU
		{9E7A9307-5D5D-4245-A2B5-50201F527D5F}.Release|Any CPU.Build.0 = Release|Any CPU
		{A1E96233-13EF-4C41-967A-5DE891FADD09}.Debug|Any CPU.ActiveCfg = Debug|Any CPU
		{A1E96233-13EF-4C41-967A-5DE891FADD09}.Debug|Any CPU.Build.0 = Debug|Any CPU
		{A1E96233-13EF-4C41-967A-5DE891FADD09}.Release|Any CPU.ActiveCfg = Release|Any CPU
		{A1E96233-13EF-4C41-967A-5DE891FADD09}.Release|Any CPU.Build.0 = Release|Any CPU
	EndGlobalSection
	GlobalSection(SolutionProperties) = preSolution
		HideSolutionNode = FALSE
	EndGlobalSection
	GlobalSection(NestedProjects) = preSolution
		{EF76F27D-B2E2-4127-9AB8-5FB44A7DC775} = {1F0454C7-5D97-4684-AC1D-98915D5FD4A5}
		{745E1154-1076-4799-A508-FAE6F5F2EFEB} = {1F0454C7-5D97-4684-AC1D-98915D5FD4A5}
		{586083F0-4E69-49F3-B1E8-E22224B78889} = {7A9C93E2-E829-41D3-94BC-8251EC7229AB}
		{9E7A9307-5D5D-4245-A2B5-50201F527D5F} = {7A9C93E2-E829-41D3-94BC-8251EC7229AB}
		{A1E96233-13EF-4C41-967A-5DE891FADD09} = {7A9C93E2-E829-41D3-94BC-8251EC7229AB}
	EndGlobalSection
	GlobalSection(ExtensibilityGlobals) = postSolution
		SolutionGuid = {319C34C8-5397-4C55-A26A-50CC587E4CF1}
	EndGlobalSection
EndGlobal
